
Microsoft Visual Studio Solution File, Format Version 12.00
# Visual Studio Version 16
VisualStudioVersion = 16.0.30413.136
MinimumVisualStudioVersion = 10.0.40219.1
Project("{FAE04EC0-301F-11D3-BF4B-00C04F79EFBC}") = "EJERCICIO_INT", "EJERCICIO_INT\EJERCICIO_INT.csproj", "{29E1ACE4-E124-4296-8E48-418332C736ED}"
EndProject
Project("{FAE04EC0-301F-11D3-BF4B-00C04F79EFBC}") = "CALCULOPERIMETRO", "CALCULOPERIMETRO\CALCULOPERIMETRO.csproj", "{7757354D-CF75-4E13-BC67-E0B4A4FCDCFE}"
EndProject
Project("{FAE04EC0-301F-11D3-BF4B-00C04F79EFBC}") = "Ejercicio_string", "Ejercicio_string\Ejercicio_string.csproj", "{46C2F359-3963-428D-A82B-DD8792FAF975}"
EndProject
Project("{FAE04EC0-301F-11D3-BF4B-00C04F79EFBC}") = "Ejercicio_mequedesiluz", "Ejercicio_mequedesiluz\Ejercicio_mequedesiluz.csproj", "{7DA937AF-88F8-4D31-ACE0-256FCD3B6631}"
EndProject
Global
	GlobalSection(SolutionConfigurationPlatforms) = preSolution
		Debug|Any CPU = Debug|Any CPU
		Release|Any CPU = Release|Any CPU
	EndGlobalSection
	GlobalSection(ProjectConfigurationPlatforms) = postSolution
		{29E1ACE4-E124-4296-8E48-418332C736ED}.Debug|Any CPU.ActiveCfg = Debug|Any CPU
		{29E1ACE4-E124-4296-8E48-418332C736ED}.Debug|Any CPU.Build.0 = Debug|Any CPU
		{29E1ACE4-E124-4296-8E48-418332C736ED}.Release|Any CPU.ActiveCfg = Release|Any CPU
		{29E1ACE4-E124-4296-8E48-418332C736ED}.Release|Any CPU.Build.0 = Release|Any CPU
		{7757354D-CF75-4E13-BC67-E0B4A4FCDCFE}.Debug|Any CPU.ActiveCfg = Debug|Any CPU
		{7757354D-CF75-4E13-BC67-E0B4A4FCDCFE}.Debug|Any CPU.Build.0 = Debug|Any CPU
		{7757354D-CF75-4E13-BC67-E0B4A4FCDCFE}.Release|Any CPU.ActiveCfg = Release|Any CPU
		{7757354D-CF75-4E13-BC67-E0B4A4FCDCFE}.Release|Any CPU.Build.0 = Release|Any CPU
		{46C2F359-3963-428D-A82B-DD8792FAF975}.Debug|Any CPU.ActiveCfg = Debug|Any CPU
		{46C2F359-3963-428D-A82B-DD8792FAF975}.Debug|Any CPU.Build.0 = Debug|Any CPU
		{46C2F359-3963-428D-A82B-DD8792FAF975}.Release|Any CPU.ActiveCfg = Release|Any CPU
		{46C2F359-3963-428D-A82B-DD8792FAF975}.Release|Any CPU.Build.0 = Release|Any CPU
		{7DA937AF-88F8-4D31-ACE0-256FCD3B6631}.Debug|Any CPU.ActiveCfg = Debug|Any CPU
		{7DA937AF-88F8-4D31-ACE0-256FCD3B6631}.Debug|Any CPU.Build.0 = Debug|Any CPU
		{7DA937AF-88F8-4D31-ACE0-256FCD3B6631}.Release|Any CPU.ActiveCfg = Release|Any CPU
		{7DA937AF-88F8-4D31-ACE0-256FCD3B6631}.Release|Any CPU.Build.0 = Release|Any CPU
	EndGlobalSection
	GlobalSection(SolutionProperties) = preSolution
		HideSolutionNode = FALSE
	EndGlobalSection
	GlobalSection(ExtensibilityGlobals) = postSolution
		SolutionGuid = {149F9632-7E11-4F93-AA77-2655B0A43C48}
	EndGlobalSection
EndGlobal
